
Microsoft Visual Studio Solution File, Format Version 12.00
# Visual Studio 15
VisualStudioVersion = 15.0.27130.2020
MinimumVisualStudioVersion = 10.0.40219.1
Project("{9A19103F-16F7-4668-BE54-9A1E7A4F7556}") = "DataWF.StarterGtk", "DataWF.StarterGtk\DataWF.StarterGtk.csproj", "{687DFE24-9DE0-4A3B-9854-CF41B8FDC134}"
EndProject
Project("{9A19103F-16F7-4668-BE54-9A1E7A4F7556}") = "DataWF.Module.FlowGui", "DataWF.Module.FlowGui\DataWF.Module.FlowGui.csproj", "{EA38C2A9-BC62-419A-8385-2C72ECBBD5E7}"
EndProject
Project("{9A19103F-16F7-4668-BE54-9A1E7A4F7556}") = "Mono.TextEditor", "External\Mono.Texteditor\Mono.TextEditor.csproj", "{A2329308-3751-4DBD-9A75-5F7B8B024625}"
EndProject
Project("{9A19103F-16F7-4668-BE54-9A1E7A4F7556}") = "DataWF.Gui", "DataWF.Gui\DataWF.Gui.csproj", "{337D88BA-7460-4C2A-B83D-6B27DF626983}"
EndProject
Project("{9A19103F-16F7-4668-BE54-9A1E7A4F7556}") = "DataWF.Test.GuiGtk", "DataWF.Test.GuiGtk\DataWF.Test.GuiGtk.csproj", "{69C37C81-AEAD-4F49-BB18-0750387E680D}"
EndProject
Project("{2150E333-8FDC-42A3-9474-1A3956D46DE8}") = "External", "External", "{9862F37D-3BE1-4ACA-9CF0-BB75B04FD109}"
EndProject
Project("{2150E333-8FDC-42A3-9474-1A3956D46DE8}") = "Common", "Common", "{B61599DA-EA6D-4C01-A720-BCA13C15F81A}"
EndProject
Project("{D954291E-2A0B-460D-934E-DC6B0785DB48}") = "DataWF.Test.GuiShare", "DataWF.Test.GuiShare\DataWF.Test.GuiShare.shproj", "{0968C296-837F-48C3-B310-7B2AA9452EF8}"
EndProject
Project("{9A19103F-16F7-4668-BE54-9A1E7A4F7556}") = "DataWF.Test.GuiWpf", "DataWF.Test.GuiWpf\DataWF.Test.GuiWpf.csproj", "{6DFEFA1C-CBC0-4EFC-BDAC-FF46BA86B9F3}"
EndProject
Project("{2150E333-8FDC-42A3-9474-1A3956D46DE8}") = "Test", "Test", "{E6FA534E-87C1-41F5-BF7C-75343C26C481}"
EndProject
Project("{9A19103F-16F7-4668-BE54-9A1E7A4F7556}") = "DataWF.Common", "DataWF.Common\DataWF.Common.csproj", "{32A948C0-5468-4392-A490-91947BFC3BE4}"
EndProject
Project("{9A19103F-16F7-4668-BE54-9A1E7A4F7556}") = "DataWF.Data", "DataWF.Data\DataWF.Data.csproj", "{C982088F-82EC-4400-8D3C-BD76221C0C9C}"
EndProject
Project("{9A19103F-16F7-4668-BE54-9A1E7A4F7556}") = "DataWF.Test.Common", "DataWF.Test.Common\DataWF.Test.Common.csproj", "{9D872B67-0087-4B29-AD5D-B4B4B045D2F7}"
EndProject
Project("{2150E333-8FDC-42A3-9474-1A3956D46DE8}") = "Modules", "Modules", "{4F5DA472-639D-4798-9C04-DBAA318F6C0E}"
EndProject
Project("{9A19103F-16F7-4668-BE54-9A1E7A4F7556}") = "DataWF.Module.Flow", "DataWF.Module.Flow\DataWF.Module.Flow.csproj", "{E5EFC9B0-AEE6-47B4-B553-37A241ADF976}"
EndProject
Project("{2150E333-8FDC-42A3-9474-1A3956D46DE8}") = "Desktop", "Desktop", "{A5F3D8FA-311C-40F7-9AD5-3F998D61E96D}"
EndProject
Project("{9A19103F-16F7-4668-BE54-9A1E7A4F7556}") = "DataWF.Data.Gui", "DataWF.Data.Gui\DataWF.Data.Gui.csproj", "{3CCBAB5D-85AE-4DE0-A20E-AD302AF442A2}"
EndProject
Project("{9A19103F-16F7-4668-BE54-9A1E7A4F7556}") = "DataWF.Test.Data", "DataWF.Test.Data\DataWF.Test.Data.csproj", "{A505FEEE-28A8-4D99-9E15-39DDD3F48F2D}"
EndProject
Project("{9A19103F-16F7-4668-BE54-9A1E7A4F7556}") = "DataWF.Test.Module.Common", "DataWF.Test.Module.Common\DataWF.Test.Module.Common.csproj", "{52064A5D-12B6-410F-9BCF-6F6B52455A28}"
EndProject
Project("{9A19103F-16F7-4668-BE54-9A1E7A4F7556}") = "DataWF.Module.Counterpart", "DataWF.Module.Counterpart\DataWF.Module.Counterpart.csproj", "{D9D3537E-C1F9-4F59-AE2B-5098213FF747}"
EndProject
Project("{9A19103F-16F7-4668-BE54-9A1E7A4F7556}") = "DataWF.Test.Module.Counterpart", "DataWF.Test.Module.Counterpart\DataWF.Test.Module.Counterpart.csproj", "{1CD6F41B-3619-4210-BCBD-4AD8DD55B00E}"
EndProject
Project("{9A19103F-16F7-4668-BE54-9A1E7A4F7556}") = "DataWF.Module.Finance", "DataWF.Module.Finance\DataWF.Module.Finance.csproj", "{89A2D4B4-6352-4193-BB62-12E9DEA49221}"
EndProject
Project("{9A19103F-16F7-4668-BE54-9A1E7A4F7556}") = "DataWF.Module.CommonGui", "DataWF.Module.CommonGui\DataWF.Module.CommonGui.csproj", "{E17A78AE-28C2-4264-A36D-A7EBAFE7626D}"
EndProject
Project("{9A19103F-16F7-4668-BE54-9A1E7A4F7556}") = "DataWF.StarterWpf", "DataWF.StarterWpf\DataWF.StarterWpf.csproj", "{25F7A02C-C741-464F-9BB0-312B252575A0}"
EndProject
Project("{9A19103F-16F7-4668-BE54-9A1E7A4F7556}") = "DataWF.Module.Messanger", "DataWF.Module.Messanger\DataWF.Module.Messanger.csproj", "{1B9CC5A9-6163-403C-9BEA-E44176676DDD}"
EndProject
Project("{9A19103F-16F7-4668-BE54-9A1E7A4F7556}") = "DataWF.Module.MessangerGui", "DataWF.Module.MessangerGui\DataWF.Module.MessangerGui.csproj", "{42B8E03E-746D-443D-9226-F05EF3023ACF}"
EndProject
Project("{9A19103F-16F7-4668-BE54-9A1E7A4F7556}") = "DataWF.OdfGui", "DataWF.OdfGui\DataWF.OdfGui.csproj", "{36C171D5-6670-4E6A-AB42-3A05932DC6A7}"
EndProject
Project("{9A19103F-16F7-4668-BE54-9A1E7A4F7556}") = "DataWF.Odf", "DataWF.Odf\DataWF.Odf.csproj", "{E82E5D9B-4E63-4820-9EB3-383D1D5D4C66}"
EndProject
Project("{9A19103F-16F7-4668-BE54-9A1E7A4F7556}") = "DataWF.Module.Common", "DataWF.Module.Common\DataWF.Module.Common.csproj", "{0AB0FAC1-55E1-45D1-AAF5-CC6FCC8954D4}"
EndProject
Project("{FAE04EC0-301F-11D3-BF4B-00C04F79EFBC}") = "Xwt", "External\xwt\Xwt\Xwt.csproj", "{92494904-35FA-4DC9-BDE9-3A3E87AC49D3}"
EndProject
Project("{FAE04EC0-301F-11D3-BF4B-00C04F79EFBC}") = "Xwt.Gtk", "External\xwt\Xwt.Gtk\Xwt.Gtk.csproj", "{C3887A93-B2BD-4097-8E2F-3A063EFF32FD}"
EndProject
Project("{FAE04EC0-301F-11D3-BF4B-00C04F79EFBC}") = "Xwt.WPF", "External\xwt\Xwt.WPF\Xwt.WPF.csproj", "{C93D746E-1586-4D4F-B411-BF5A966E6A08}"
EndProject
Project("{2150E333-8FDC-42A3-9474-1A3956D46DE8}") = "Service", "Service", "{ABE1FC5F-1A1C-401E-8EC8-8C64BC088F65}"
EndProject
Project("{9A19103F-16F7-4668-BE54-9A1E7A4F7556}") = "DataWF.Web.Common", "DataWF.Web.Common\DataWF.Web.Common.csproj", "{3F3566DB-64BC-43E6-9A5A-F5F84E9E7D55}"
EndProject
Project("{9A19103F-16F7-4668-BE54-9A1E7A4F7556}") = "DataWF.Module.Common.View", "DataWF.Module.Common.View\DataWF.Module.Common.View.csproj", "{3CBF93C5-FA14-4273-83C6-8EE2AA85A8B7}"
EndProject
Global
	GlobalSection(SharedMSBuildProjectFiles) = preSolution
		DataWF.Test.GuiShare\DataWF.Test.GuiShare.projitems*{0968c296-837f-48c3-b310-7b2aa9452ef8}*SharedItemsImports = 13
		DataWF.Test.GuiShare\DataWF.Test.GuiShare.projitems*{69c37c81-aead-4f49-bb18-0750387e680d}*SharedItemsImports = 4
		DataWF.Test.GuiShare\DataWF.Test.GuiShare.projitems*{6dfefa1c-cbc0-4efc-bdac-ff46ba86b9f3}*SharedItemsImports = 4
	EndGlobalSection
	GlobalSection(SolutionConfigurationPlatforms) = preSolution
		Debug|Any CPU = Debug|Any CPU
		Debug|x64 = Debug|x64
		Debug|x86 = Debug|x86
		Release|Any CPU = Release|Any CPU
		Release|x64 = Release|x64
		Release|x86 = Release|x86
	EndGlobalSection
	GlobalSection(ProjectConfigurationPlatforms) = postSolution
		{687DFE24-9DE0-4A3B-9854-CF41B8FDC134}.Debug|Any CPU.ActiveCfg = Debug|Any CPU
		{687DFE24-9DE0-4A3B-9854-CF41B8FDC134}.Debug|Any CPU.Build.0 = Debug|Any CPU
		{687DFE24-9DE0-4A3B-9854-CF41B8FDC134}.Debug|x64.ActiveCfg = Debug|Any CPU
		{687DFE24-9DE0-4A3B-9854-CF41B8FDC134}.Debug|x64.Build.0 = Debug|Any CPU
		{687DFE24-9DE0-4A3B-9854-CF41B8FDC134}.Debug|x86.ActiveCfg = Debug|Any CPU
		{687DFE24-9DE0-4A3B-9854-CF41B8FDC134}.Debug|x86.Build.0 = Debug|Any CPU
		{687DFE24-9DE0-4A3B-9854-CF41B8FDC134}.Release|Any CPU.ActiveCfg = Release|Any CPU
		{687DFE24-9DE0-4A3B-9854-CF41B8FDC134}.Release|Any CPU.Build.0 = Release|Any CPU
		{687DFE24-9DE0-4A3B-9854-CF41B8FDC134}.Release|x64.ActiveCfg = Release|Any CPU
		{687DFE24-9DE0-4A3B-9854-CF41B8FDC134}.Release|x64.Build.0 = Release|Any CPU
		{687DFE24-9DE0-4A3B-9854-CF41B8FDC134}.Release|x86.ActiveCfg = Release|Any CPU
		{687DFE24-9DE0-4A3B-9854-CF41B8FDC134}.Release|x86.Build.0 = Release|Any CPU
		{EA38C2A9-BC62-419A-8385-2C72ECBBD5E7}.Debug|Any CPU.ActiveCfg = Debug|Any CPU
		{EA38C2A9-BC62-419A-8385-2C72ECBBD5E7}.Debug|Any CPU.Build.0 = Debug|Any CPU
		{EA38C2A9-BC62-419A-8385-2C72ECBBD5E7}.Debug|x64.ActiveCfg = Debug|Any CPU
		{EA38C2A9-BC62-419A-8385-2C72ECBBD5E7}.Debug|x64.Build.0 = Debug|Any CPU
		{EA38C2A9-BC62-419A-8385-2C72ECBBD5E7}.Debug|x86.ActiveCfg = Debug|Any CPU
		{EA38C2A9-BC62-419A-8385-2C72ECBBD5E7}.Debug|x86.Build.0 = Debug|Any CPU
		{EA38C2A9-BC62-419A-8385-2C72ECBBD5E7}.Release|Any CPU.ActiveCfg = Release|Any CPU
		{EA38C2A9-BC62-419A-8385-2C72ECBBD5E7}.Release|Any CPU.Build.0 = Release|Any CPU
		{EA38C2A9-BC62-419A-8385-2C72ECBBD5E7}.Release|x64.ActiveCfg = Release|Any CPU
		{EA38C2A9-BC62-419A-8385-2C72ECBBD5E7}.Release|x64.Build.0 = Release|Any CPU
		{EA38C2A9-BC62-419A-8385-2C72ECBBD5E7}.Release|x86.ActiveCfg = Release|Any CPU
		{EA38C2A9-BC62-419A-8385-2C72ECBBD5E7}.Release|x86.Build.0 = Release|Any CPU
		{A2329308-3751-4DBD-9A75-5F7B8B024625}.Debug|Any CPU.ActiveCfg = Debug|Any CPU
		{A2329308-3751-4DBD-9A75-5F7B8B024625}.Debug|Any CPU.Build.0 = Debug|Any CPU
		{A2329308-3751-4DBD-9A75-5F7B8B024625}.Debug|x64.ActiveCfg = Debug|Any CPU
		{A2329308-3751-4DBD-9A75-5F7B8B024625}.Debug|x64.Build.0 = Debug|Any CPU
		{A2329308-3751-4DBD-9A75-5F7B8B024625}.Debug|x86.ActiveCfg = Debug|Any CPU
		{A2329308-3751-4DBD-9A75-5F7B8B024625}.Debug|x86.Build.0 = Debug|Any CPU
		{A2329308-3751-4DBD-9A75-5F7B8B024625}.Release|Any CPU.ActiveCfg = Release|Any CPU
		{A2329308-3751-4DBD-9A75-5F7B8B024625}.Release|Any CPU.Build.0 = Release|Any CPU
		{A2329308-3751-4DBD-9A75-5F7B8B024625}.Release|x64.ActiveCfg = Release|Any CPU
		{A2329308-3751-4DBD-9A75-5F7B8B024625}.Release|x64.Build.0 = Release|Any CPU
		{A2329308-3751-4DBD-9A75-5F7B8B024625}.Release|x86.ActiveCfg = Release|Any CPU
		{A2329308-3751-4DBD-9A75-5F7B8B024625}.Release|x86.Build.0 = Release|Any CPU
		{337D88BA-7460-4C2A-B83D-6B27DF626983}.Debug|Any CPU.ActiveCfg = Debug|Any CPU
		{337D88BA-7460-4C2A-B83D-6B27DF626983}.Debug|Any CPU.Build.0 = Debug|Any CPU
		{337D88BA-7460-4C2A-B83D-6B27DF626983}.Debug|x64.ActiveCfg = Debug|Any CPU
		{337D88BA-7460-4C2A-B83D-6B27DF626983}.Debug|x64.Build.0 = Debug|Any CPU
		{337D88BA-7460-4C2A-B83D-6B27DF626983}.Debug|x86.ActiveCfg = Debug|Any CPU
		{337D88BA-7460-4C2A-B83D-6B27DF626983}.Debug|x86.Build.0 = Debug|Any CPU
		{337D88BA-7460-4C2A-B83D-6B27DF626983}.Release|Any CPU.ActiveCfg = Release|Any CPU
		{337D88BA-7460-4C2A-B83D-6B27DF626983}.Release|Any CPU.Build.0 = Release|Any CPU
		{337D88BA-7460-4C2A-B83D-6B27DF626983}.Release|x64.ActiveCfg = Release|Any CPU
		{337D88BA-7460-4C2A-B83D-6B27DF626983}.Release|x64.Build.0 = Release|Any CPU
		{337D88BA-7460-4C2A-B83D-6B27DF626983}.Release|x86.ActiveCfg = Release|Any CPU
		{337D88BA-7460-4C2A-B83D-6B27DF626983}.Release|x86.Build.0 = Release|Any CPU
		{69C37C81-AEAD-4F49-BB18-0750387E680D}.Debug|Any CPU.ActiveCfg = Debug|Any CPU
		{69C37C81-AEAD-4F49-BB18-0750387E680D}.Debug|Any CPU.Build.0 = Debug|Any CPU
		{69C37C81-AEAD-4F49-BB18-0750387E680D}.Debug|x64.ActiveCfg = Debug|Any CPU
		{69C37C81-AEAD-4F49-BB18-0750387E680D}.Debug|x64.Build.0 = Debug|Any CPU
		{69C37C81-AEAD-4F49-BB18-0750387E680D}.Debug|x86.ActiveCfg = Debug|Any CPU
		{69C37C81-AEAD-4F49-BB18-0750387E680D}.Debug|x86.Build.0 = Debug|Any CPU
		{69C37C81-AEAD-4F49-BB18-0750387E680D}.Release|Any CPU.ActiveCfg = Release|Any CPU
		{69C37C81-AEAD-4F49-BB18-0750387E680D}.Release|Any CPU.Build.0 = Release|Any CPU
		{69C37C81-AEAD-4F49-BB18-0750387E680D}.Release|x64.ActiveCfg = Release|Any CPU
		{69C37C81-AEAD-4F49-BB18-0750387E680D}.Release|x64.Build.0 = Release|Any CPU
		{69C37C81-AEAD-4F49-BB18-0750387E680D}.Release|x86.ActiveCfg = Release|Any CPU
		{69C37C81-AEAD-4F49-BB18-0750387E680D}.Release|x86.Build.0 = Release|Any CPU
		{6DFEFA1C-CBC0-4EFC-BDAC-FF46BA86B9F3}.Debug|Any CPU.ActiveCfg = Debug|Any CPU
		{6DFEFA1C-CBC0-4EFC-BDAC-FF46BA86B9F3}.Debug|Any CPU.Build.0 = Debug|Any CPU
		{6DFEFA1C-CBC0-4EFC-BDAC-FF46BA86B9F3}.Debug|x64.ActiveCfg = Debug|Any CPU
		{6DFEFA1C-CBC0-4EFC-BDAC-FF46BA86B9F3}.Debug|x64.Build.0 = Debug|Any CPU
		{6DFEFA1C-CBC0-4EFC-BDAC-FF46BA86B9F3}.Debug|x86.ActiveCfg = Debug|Any CPU
		{6DFEFA1C-CBC0-4EFC-BDAC-FF46BA86B9F3}.Debug|x86.Build.0 = Debug|Any CPU
		{6DFEFA1C-CBC0-4EFC-BDAC-FF46BA86B9F3}.Release|Any CPU.ActiveCfg = Release|Any CPU
		{6DFEFA1C-CBC0-4EFC-BDAC-FF46BA86B9F3}.Release|Any CPU.Build.0 = Release|Any CPU
		{6DFEFA1C-CBC0-4EFC-BDAC-FF46BA86B9F3}.Release|x64.ActiveCfg = Release|Any CPU
		{6DFEFA1C-CBC0-4EFC-BDAC-FF46BA86B9F3}.Release|x64.Build.0 = Release|Any CPU
		{6DFEFA1C-CBC0-4EFC-BDAC-FF46BA86B9F3}.Release|x86.ActiveCfg = Release|Any CPU
		{6DFEFA1C-CBC0-4EFC-BDAC-FF46BA86B9F3}.Release|x86.Build.0 = Release|Any CPU
		{32A948C0-5468-4392-A490-91947BFC3BE4}.Debug|Any CPU.ActiveCfg = Debug|Any CPU
		{32A948C0-5468-4392-A490-91947BFC3BE4}.Debug|Any CPU.Build.0 = Debug|Any CPU
		{32A948C0-5468-4392-A490-91947BFC3BE4}.Debug|x64.ActiveCfg = Debug|Any CPU
		{32A948C0-5468-4392-A490-91947BFC3BE4}.Debug|x64.Build.0 = Debug|Any CPU
		{32A948C0-5468-4392-A490-91947BFC3BE4}.Debug|x86.ActiveCfg = Debug|x86
		{32A948C0-5468-4392-A490-91947BFC3BE4}.Debug|x86.Build.0 = Debug|x86
		{32A948C0-5468-4392-A490-91947BFC3BE4}.Release|Any CPU.ActiveCfg = Release|Any CPU
		{32A948C0-5468-4392-A490-91947BFC3BE4}.Release|Any CPU.Build.0 = Release|Any CPU
		{32A948C0-5468-4392-A490-91947BFC3BE4}.Release|x64.ActiveCfg = Release|Any CPU
		{32A948C0-5468-4392-A490-91947BFC3BE4}.Release|x64.Build.0 = Release|Any CPU
		{32A948C0-5468-4392-A490-91947BFC3BE4}.Release|x86.ActiveCfg = Release|x86
		{32A948C0-5468-4392-A490-91947BFC3BE4}.Release|x86.Build.0 = Release|x86
		{C982088F-82EC-4400-8D3C-BD76221C0C9C}.Debug|Any CPU.ActiveCfg = Debug|Any CPU
		{C982088F-82EC-4400-8D3C-BD76221C0C9C}.Debug|Any CPU.Build.0 = Debug|Any CPU
		{C982088F-82EC-4400-8D3C-BD76221C0C9C}.Debug|x64.ActiveCfg = Debug|Any CPU
		{C982088F-82EC-4400-8D3C-BD76221C0C9C}.Debug|x64.Build.0 = Debug|Any CPU
		{C982088F-82EC-4400-8D3C-BD76221C0C9C}.Debug|x86.ActiveCfg = Debug|Any CPU
		{C982088F-82EC-4400-8D3C-BD76221C0C9C}.Debug|x86.Build.0 = Debug|Any CPU
		{C982088F-82EC-4400-8D3C-BD76221C0C9C}.Release|Any CPU.ActiveCfg = Release|Any CPU
		{C982088F-82EC-4400-8D3C-BD76221C0C9C}.Release|Any CPU.Build.0 = Release|Any CPU
		{C982088F-82EC-4400-8D3C-BD76221C0C9C}.Release|x64.ActiveCfg = Release|Any CPU
		{C982088F-82EC-4400-8D3C-BD76221C0C9C}.Release|x64.Build.0 = Release|Any CPU
		{C982088F-82EC-4400-8D3C-BD76221C0C9C}.Release|x86.ActiveCfg = Release|Any CPU
		{C982088F-82EC-4400-8D3C-BD76221C0C9C}.Release|x86.Build.0 = Release|Any CPU
		{9D872B67-0087-4B29-AD5D-B4B4B045D2F7}.Debug|Any CPU.ActiveCfg = Debug|Any CPU
		{9D872B67-0087-4B29-AD5D-B4B4B045D2F7}.Debug|Any CPU.Build.0 = Debug|Any CPU
		{9D872B67-0087-4B29-AD5D-B4B4B045D2F7}.Debug|x64.ActiveCfg = Debug|Any CPU
		{9D872B67-0087-4B29-AD5D-B4B4B045D2F7}.Debug|x64.Build.0 = Debug|Any CPU
		{9D872B67-0087-4B29-AD5D-B4B4B045D2F7}.Debug|x86.ActiveCfg = Debug|Any CPU
		{9D872B67-0087-4B29-AD5D-B4B4B045D2F7}.Debug|x86.Build.0 = Debug|Any CPU
		{9D872B67-0087-4B29-AD5D-B4B4B045D2F7}.Release|Any CPU.ActiveCfg = Release|Any CPU
		{9D872B67-0087-4B29-AD5D-B4B4B045D2F7}.Release|Any CPU.Build.0 = Release|Any CPU
		{9D872B67-0087-4B29-AD5D-B4B4B045D2F7}.Release|x64.ActiveCfg = Release|Any CPU
		{9D872B67-0087-4B29-AD5D-B4B4B045D2F7}.Release|x64.Build.0 = Release|Any CPU
		{9D872B67-0087-4B29-AD5D-B4B4B045D2F7}.Release|x86.ActiveCfg = Release|Any CPU
		{9D872B67-0087-4B29-AD5D-B4B4B045D2F7}.Release|x86.Build.0 = Release|Any CPU
		{E5EFC9B0-AEE6-47B4-B553-37A241ADF976}.Debug|Any CPU.ActiveCfg = Debug|Any CPU
		{E5EFC9B0-AEE6-47B4-B553-37A241ADF976}.Debug|Any CPU.Build.0 = Debug|Any CPU
		{E5EFC9B0-AEE6-47B4-B553-37A241ADF976}.Debug|x64.ActiveCfg = Debug|Any CPU
		{E5EFC9B0-AEE6-47B4-B553-37A241ADF976}.Debug|x64.Build.0 = Debug|Any CPU
		{E5EFC9B0-AEE6-47B4-B553-37A241ADF976}.Debug|x86.ActiveCfg = Debug|Any CPU
		{E5EFC9B0-AEE6-47B4-B553-37A241ADF976}.Debug|x86.Build.0 = Debug|Any CPU
		{E5EFC9B0-AEE6-47B4-B553-37A241ADF976}.Release|Any CPU.ActiveCfg = Release|Any CPU
		{E5EFC9B0-AEE6-47B4-B553-37A241ADF976}.Release|Any CPU.Build.0 = Release|Any CPU
		{E5EFC9B0-AEE6-47B4-B553-37A241ADF976}.Release|x64.ActiveCfg = Release|Any CPU
		{E5EFC9B0-AEE6-47B4-B553-37A241ADF976}.Release|x64.Build.0 = Release|Any CPU
		{E5EFC9B0-AEE6-47B4-B553-37A241ADF976}.Release|x86.ActiveCfg = Release|Any CPU
		{E5EFC9B0-AEE6-47B4-B553-37A241ADF976}.Release|x86.Build.0 = Release|Any CPU
		{3CCBAB5D-85AE-4DE0-A20E-AD302AF442A2}.Debug|Any CPU.ActiveCfg = Debug|Any CPU
		{3CCBAB5D-85AE-4DE0-A20E-AD302AF442A2}.Debug|Any CPU.Build.0 = Debug|Any CPU
		{3CCBAB5D-85AE-4DE0-A20E-AD302AF442A2}.Debug|x64.ActiveCfg = Debug|Any CPU
		{3CCBAB5D-85AE-4DE0-A20E-AD302AF442A2}.Debug|x64.Build.0 = Debug|Any CPU
		{3CCBAB5D-85AE-4DE0-A20E-AD302AF442A2}.Debug|x86.ActiveCfg = Debug|Any CPU
		{3CCBAB5D-85AE-4DE0-A20E-AD302AF442A2}.Debug|x86.Build.0 = Debug|Any CPU
		{3CCBAB5D-85AE-4DE0-A20E-AD302AF442A2}.Release|Any CPU.ActiveCfg = Release|Any CPU
		{3CCBAB5D-85AE-4DE0-A20E-AD302AF442A2}.Release|Any CPU.Build.0 = Release|Any CPU
		{3CCBAB5D-85AE-4DE0-A20E-AD302AF442A2}.Release|x64.ActiveCfg = Release|Any CPU
		{3CCBAB5D-85AE-4DE0-A20E-AD302AF442A2}.Release|x64.Build.0 = Release|Any CPU
		{3CCBAB5D-85AE-4DE0-A20E-AD302AF442A2}.Release|x86.ActiveCfg = Release|Any CPU
		{3CCBAB5D-85AE-4DE0-A20E-AD302AF442A2}.Release|x86.Build.0 = Release|Any CPU
		{A505FEEE-28A8-4D99-9E15-39DDD3F48F2D}.Debug|Any CPU.ActiveCfg = Debug|Any CPU
		{A505FEEE-28A8-4D99-9E15-39DDD3F48F2D}.Debug|Any CPU.Build.0 = Debug|Any CPU
		{A505FEEE-28A8-4D99-9E15-39DDD3F48F2D}.Debug|x64.ActiveCfg = Debug|Any CPU
		{A505FEEE-28A8-4D99-9E15-39DDD3F48F2D}.Debug|x64.Build.0 = Debug|Any CPU
		{A505FEEE-28A8-4D99-9E15-39DDD3F48F2D}.Debug|x86.ActiveCfg = Debug|Any CPU
		{A505FEEE-28A8-4D99-9E15-39DDD3F48F2D}.Debug|x86.Build.0 = Debug|Any CPU
		{A505FEEE-28A8-4D99-9E15-39DDD3F48F2D}.Release|Any CPU.ActiveCfg = Release|Any CPU
		{A505FEEE-28A8-4D99-9E15-39DDD3F48F2D}.Release|Any CPU.Build.0 = Release|Any CPU
		{A505FEEE-28A8-4D99-9E15-39DDD3F48F2D}.Release|x64.ActiveCfg = Release|Any CPU
		{A505FEEE-28A8-4D99-9E15-39DDD3F48F2D}.Release|x64.Build.0 = Release|Any CPU
		{A505FEEE-28A8-4D99-9E15-39DDD3F48F2D}.Release|x86.ActiveCfg = Release|Any CPU
		{A505FEEE-28A8-4D99-9E15-39DDD3F48F2D}.Release|x86.Build.0 = Release|Any CPU
		{52064A5D-12B6-410F-9BCF-6F6B52455A28}.Debug|Any CPU.ActiveCfg = Debug|Any CPU
		{52064A5D-12B6-410F-9BCF-6F6B52455A28}.Debug|Any CPU.Build.0 = Debug|Any CPU
		{52064A5D-12B6-410F-9BCF-6F6B52455A28}.Debug|x64.ActiveCfg = Debug|Any CPU
		{52064A5D-12B6-410F-9BCF-6F6B52455A28}.Debug|x64.Build.0 = Debug|Any CPU
		{52064A5D-12B6-410F-9BCF-6F6B52455A28}.Debug|x86.ActiveCfg = Debug|Any CPU
		{52064A5D-12B6-410F-9BCF-6F6B52455A28}.Debug|x86.Build.0 = Debug|Any CPU
		{52064A5D-12B6-410F-9BCF-6F6B52455A28}.Release|Any CPU.ActiveCfg = Release|Any CPU
		{52064A5D-12B6-410F-9BCF-6F6B52455A28}.Release|Any CPU.Build.0 = Release|Any CPU
		{52064A5D-12B6-410F-9BCF-6F6B52455A28}.Release|x64.ActiveCfg = Release|Any CPU
		{52064A5D-12B6-410F-9BCF-6F6B52455A28}.Release|x64.Build.0 = Release|Any CPU
		{52064A5D-12B6-410F-9BCF-6F6B52455A28}.Release|x86.ActiveCfg = Release|Any CPU
		{52064A5D-12B6-410F-9BCF-6F6B52455A28}.Release|x86.Build.0 = Release|Any CPU
		{D9D3537E-C1F9-4F59-AE2B-5098213FF747}.Debug|Any CPU.ActiveCfg = Debug|Any CPU
		{D9D3537E-C1F9-4F59-AE2B-5098213FF747}.Debug|Any CPU.Build.0 = Debug|Any CPU
		{D9D3537E-C1F9-4F59-AE2B-5098213FF747}.Debug|x64.ActiveCfg = Debug|Any CPU
		{D9D3537E-C1F9-4F59-AE2B-5098213FF747}.Debug|x64.Build.0 = Debug|Any CPU
		{D9D3537E-C1F9-4F59-AE2B-5098213FF747}.Debug|x86.ActiveCfg = Debug|Any CPU
		{D9D3537E-C1F9-4F59-AE2B-5098213FF747}.Debug|x86.Build.0 = Debug|Any CPU
		{D9D3537E-C1F9-4F59-AE2B-5098213FF747}.Release|Any CPU.ActiveCfg = Release|Any CPU
		{D9D3537E-C1F9-4F59-AE2B-5098213FF747}.Release|Any CPU.Build.0 = Release|Any CPU
		{D9D3537E-C1F9-4F59-AE2B-5098213FF747}.Release|x64.ActiveCfg = Release|Any CPU
		{D9D3537E-C1F9-4F59-AE2B-5098213FF747}.Release|x64.Build.0 = Release|Any CPU
		{D9D3537E-C1F9-4F59-AE2B-5098213FF747}.Release|x86.ActiveCfg = Release|Any CPU
		{D9D3537E-C1F9-4F59-AE2B-5098213FF747}.Release|x86.Build.0 = Release|Any CPU
		{1CD6F41B-3619-4210-BCBD-4AD8DD55B00E}.Debug|Any CPU.ActiveCfg = Debug|Any CPU
		{1CD6F41B-3619-4210-BCBD-4AD8DD55B00E}.Debug|Any CPU.Build.0 = Debug|Any CPU
		{1CD6F41B-3619-4210-BCBD-4AD8DD55B00E}.Debug|x64.ActiveCfg = Debug|Any CPU
		{1CD6F41B-3619-4210-BCBD-4AD8DD55B00E}.Debug|x64.Build.0 = Debug|Any CPU
		{1CD6F41B-3619-4210-BCBD-4AD8DD55B00E}.Debug|x86.ActiveCfg = Debug|Any CPU
		{1CD6F41B-3619-4210-BCBD-4AD8DD55B00E}.Debug|x86.Build.0 = Debug|Any CPU
		{1CD6F41B-3619-4210-BCBD-4AD8DD55B00E}.Release|Any CPU.ActiveCfg = Release|Any CPU
		{1CD6F41B-3619-4210-BCBD-4AD8DD55B00E}.Release|Any CPU.Build.0 = Release|Any CPU
		{1CD6F41B-3619-4210-BCBD-4AD8DD55B00E}.Release|x64.ActiveCfg = Release|Any CPU
		{1CD6F41B-3619-4210-BCBD-4AD8DD55B00E}.Release|x64.Build.0 = Release|Any CPU
		{1CD6F41B-3619-4210-BCBD-4AD8DD55B00E}.Release|x86.ActiveCfg = Release|Any CPU
		{1CD6F41B-3619-4210-BCBD-4AD8DD55B00E}.Release|x86.Build.0 = Release|Any CPU
		{89A2D4B4-6352-4193-BB62-12E9DEA49221}.Debug|Any CPU.ActiveCfg = Debug|Any CPU
		{89A2D4B4-6352-4193-BB62-12E9DEA49221}.Debug|Any CPU.Build.0 = Debug|Any CPU
		{89A2D4B4-6352-4193-BB62-12E9DEA49221}.Debug|x64.ActiveCfg = Debug|Any CPU
		{89A2D4B4-6352-4193-BB62-12E9DEA49221}.Debug|x64.Build.0 = Debug|Any CPU
		{89A2D4B4-6352-4193-BB62-12E9DEA49221}.Debug|x86.ActiveCfg = Debug|Any CPU
		{89A2D4B4-6352-4193-BB62-12E9DEA49221}.Debug|x86.Build.0 = Debug|Any CPU
		{89A2D4B4-6352-4193-BB62-12E9DEA49221}.Release|Any CPU.ActiveCfg = Release|Any CPU
		{89A2D4B4-6352-4193-BB62-12E9DEA49221}.Release|Any CPU.Build.0 = Release|Any CPU
		{89A2D4B4-6352-4193-BB62-12E9DEA49221}.Release|x64.ActiveCfg = Release|Any CPU
		{89A2D4B4-6352-4193-BB62-12E9DEA49221}.Release|x64.Build.0 = Release|Any CPU
		{89A2D4B4-6352-4193-BB62-12E9DEA49221}.Release|x86.ActiveCfg = Release|Any CPU
		{89A2D4B4-6352-4193-BB62-12E9DEA49221}.Release|x86.Build.0 = Release|Any CPU
		{E17A78AE-28C2-4264-A36D-A7EBAFE7626D}.Debug|Any CPU.ActiveCfg = Debug|Any CPU
		{E17A78AE-28C2-4264-A36D-A7EBAFE7626D}.Debug|Any CPU.Build.0 = Debug|Any CPU
		{E17A78AE-28C2-4264-A36D-A7EBAFE7626D}.Debug|x64.ActiveCfg = Debug|Any CPU
		{E17A78AE-28C2-4264-A36D-A7EBAFE7626D}.Debug|x64.Build.0 = Debug|Any CPU
		{E17A78AE-28C2-4264-A36D-A7EBAFE7626D}.Debug|x86.ActiveCfg = Debug|Any CPU
		{E17A78AE-28C2-4264-A36D-A7EBAFE7626D}.Debug|x86.Build.0 = Debug|Any CPU
		{E17A78AE-28C2-4264-A36D-A7EBAFE7626D}.Release|Any CPU.ActiveCfg = Release|Any CPU
		{E17A78AE-28C2-4264-A36D-A7EBAFE7626D}.Release|Any CPU.Build.0 = Release|Any CPU
		{E17A78AE-28C2-4264-A36D-A7EBAFE7626D}.Release|x64.ActiveCfg = Release|Any CPU
		{E17A78AE-28C2-4264-A36D-A7EBAFE7626D}.Release|x64.Build.0 = Release|Any CPU
		{E17A78AE-28C2-4264-A36D-A7EBAFE7626D}.Release|x86.ActiveCfg = Release|Any CPU
		{E17A78AE-28C2-4264-A36D-A7EBAFE7626D}.Release|x86.Build.0 = Release|Any CPU
		{25F7A02C-C741-464F-9BB0-312B252575A0}.Debug|Any CPU.ActiveCfg = Debug|Any CPU
		{25F7A02C-C741-464F-9BB0-312B252575A0}.Debug|Any CPU.Build.0 = Debug|Any CPU
		{25F7A02C-C741-464F-9BB0-312B252575A0}.Debug|x64.ActiveCfg = Debug|Any CPU
		{25F7A02C-C741-464F-9BB0-312B252575A0}.Debug|x64.Build.0 = Debug|Any CPU
		{25F7A02C-C741-464F-9BB0-312B252575A0}.Debug|x86.ActiveCfg = Debug|Any CPU
		{25F7A02C-C741-464F-9BB0-312B252575A0}.Debug|x86.Build.0 = Debug|Any CPU
		{25F7A02C-C741-464F-9BB0-312B252575A0}.Release|Any CPU.ActiveCfg = Release|Any CPU
		{25F7A02C-C741-464F-9BB0-312B252575A0}.Release|Any CPU.Build.0 = Release|Any CPU
		{25F7A02C-C741-464F-9BB0-312B252575A0}.Release|x64.ActiveCfg = Release|Any CPU
		{25F7A02C-C741-464F-9BB0-312B252575A0}.Release|x64.Build.0 = Release|Any CPU
		{25F7A02C-C741-464F-9BB0-312B252575A0}.Release|x86.ActiveCfg = Release|Any CPU
		{25F7A02C-C741-464F-9BB0-312B252575A0}.Release|x86.Build.0 = Release|Any CPU
		{1B9CC5A9-6163-403C-9BEA-E44176676DDD}.Debug|Any CPU.ActiveCfg = Debug|Any CPU
		{1B9CC5A9-6163-403C-9BEA-E44176676DDD}.Debug|Any CPU.Build.0 = Debug|Any CPU
		{1B9CC5A9-6163-403C-9BEA-E44176676DDD}.Debug|x64.ActiveCfg = Debug|Any CPU
		{1B9CC5A9-6163-403C-9BEA-E44176676DDD}.Debug|x64.Build.0 = Debug|Any CPU
		{1B9CC5A9-6163-403C-9BEA-E44176676DDD}.Debug|x86.ActiveCfg = Debug|Any CPU
		{1B9CC5A9-6163-403C-9BEA-E44176676DDD}.Debug|x86.Build.0 = Debug|Any CPU
		{1B9CC5A9-6163-403C-9BEA-E44176676DDD}.Release|Any CPU.ActiveCfg = Release|Any CPU
		{1B9CC5A9-6163-403C-9BEA-E44176676DDD}.Release|Any CPU.Build.0 = Release|Any CPU
		{1B9CC5A9-6163-403C-9BEA-E44176676DDD}.Release|x64.ActiveCfg = Release|Any CPU
		{1B9CC5A9-6163-403C-9BEA-E44176676DDD}.Release|x64.Build.0 = Release|Any CPU
		{1B9CC5A9-6163-403C-9BEA-E44176676DDD}.Release|x86.ActiveCfg = Release|Any CPU
		{1B9CC5A9-6163-403C-9BEA-E44176676DDD}.Release|x86.Build.0 = Release|Any CPU
		{42B8E03E-746D-443D-9226-F05EF3023ACF}.Debug|Any CPU.ActiveCfg = Debug|Any CPU
		{42B8E03E-746D-443D-9226-F05EF3023ACF}.Debug|Any CPU.Build.0 = Debug|Any CPU
		{42B8E03E-746D-443D-9226-F05EF3023ACF}.Debug|x64.ActiveCfg = Debug|Any CPU
		{42B8E03E-746D-443D-9226-F05EF3023ACF}.Debug|x64.Build.0 = Debug|Any CPU
		{42B8E03E-746D-443D-9226-F05EF3023ACF}.Debug|x86.ActiveCfg = Debug|Any CPU
		{42B8E03E-746D-443D-9226-F05EF3023ACF}.Debug|x86.Build.0 = Debug|Any CPU
		{42B8E03E-746D-443D-9226-F05EF3023ACF}.Release|Any CPU.ActiveCfg = Release|Any CPU
		{42B8E03E-746D-443D-9226-F05EF3023ACF}.Release|Any CPU.Build.0 = Release|Any CPU
		{42B8E03E-746D-443D-9226-F05EF3023ACF}.Release|x64.ActiveCfg = Release|Any CPU
		{42B8E03E-746D-443D-9226-F05EF3023ACF}.Release|x64.Build.0 = Release|Any CPU
		{42B8E03E-746D-443D-9226-F05EF3023ACF}.Release|x86.ActiveCfg = Release|Any CPU
		{42B8E03E-746D-443D-9226-F05EF3023ACF}.Release|x86.Build.0 = Release|Any CPU
		{36C171D5-6670-4E6A-AB42-3A05932DC6A7}.Debug|Any CPU.ActiveCfg = Debug|Any CPU
		{36C171D5-6670-4E6A-AB42-3A05932DC6A7}.Debug|Any CPU.Build.0 = Debug|Any CPU
		{36C171D5-6670-4E6A-AB42-3A05932DC6A7}.Debug|x64.ActiveCfg = Debug|Any CPU
		{36C171D5-6670-4E6A-AB42-3A05932DC6A7}.Debug|x64.Build.0 = Debug|Any CPU
		{36C171D5-6670-4E6A-AB42-3A05932DC6A7}.Debug|x86.ActiveCfg = Debug|Any CPU
		{36C171D5-6670-4E6A-AB42-3A05932DC6A7}.Debug|x86.Build.0 = Debug|Any CPU
		{36C171D5-6670-4E6A-AB42-3A05932DC6A7}.Release|Any CPU.ActiveCfg = Release|Any CPU
		{36C171D5-6670-4E6A-AB42-3A05932DC6A7}.Release|Any CPU.Build.0 = Release|Any CPU
		{36C171D5-6670-4E6A-AB42-3A05932DC6A7}.Release|x64.ActiveCfg = Release|Any CPU
		{36C171D5-6670-4E6A-AB42-3A05932DC6A7}.Release|x64.Build.0 = Release|Any CPU
		{36C171D5-6670-4E6A-AB42-3A05932DC6A7}.Release|x86.ActiveCfg = Release|Any CPU
		{36C171D5-6670-4E6A-AB42-3A05932DC6A7}.Release|x86.Build.0 = Release|Any CPU
		{E82E5D9B-4E63-4820-9EB3-383D1D5D4C66}.Debug|Any CPU.ActiveCfg = Debug|Any CPU
		{E82E5D9B-4E63-4820-9EB3-383D1D5D4C66}.Debug|Any CPU.Build.0 = Debug|Any CPU
		{E82E5D9B-4E63-4820-9EB3-383D1D5D4C66}.Debug|x64.ActiveCfg = Debug|Any CPU
		{E82E5D9B-4E63-4820-9EB3-383D1D5D4C66}.Debug|x64.Build.0 = Debug|Any CPU
		{E82E5D9B-4E63-4820-9EB3-383D1D5D4C66}.Debug|x86.ActiveCfg = Debug|Any CPU
		{E82E5D9B-4E63-4820-9EB3-383D1D5D4C66}.Debug|x86.Build.0 = Debug|Any CPU
		{E82E5D9B-4E63-4820-9EB3-383D1D5D4C66}.Release|Any CPU.ActiveCfg = Release|Any CPU
		{E82E5D9B-4E63-4820-9EB3-383D1D5D4C66}.Release|Any CPU.Build.0 = Release|Any CPU
		{E82E5D9B-4E63-4820-9EB3-383D1D5D4C66}.Release|x64.ActiveCfg = Release|Any CPU
		{E82E5D9B-4E63-4820-9EB3-383D1D5D4C66}.Release|x64.Build.0 = Release|Any CPU
		{E82E5D9B-4E63-4820-9EB3-383D1D5D4C66}.Release|x86.ActiveCfg = Release|Any CPU
		{E82E5D9B-4E63-4820-9EB3-383D1D5D4C66}.Release|x86.Build.0 = Release|Any CPU
		{0AB0FAC1-55E1-45D1-AAF5-CC6FCC8954D4}.Debug|Any CPU.ActiveCfg = Debug|Any CPU
		{0AB0FAC1-55E1-45D1-AAF5-CC6FCC8954D4}.Debug|Any CPU.Build.0 = Debug|Any CPU
		{0AB0FAC1-55E1-45D1-AAF5-CC6FCC8954D4}.Debug|x64.ActiveCfg = Debug|Any CPU
		{0AB0FAC1-55E1-45D1-AAF5-CC6FCC8954D4}.Debug|x64.Build.0 = Debug|Any CPU
		{0AB0FAC1-55E1-45D1-AAF5-CC6FCC8954D4}.Debug|x86.ActiveCfg = Debug|Any CPU
		{0AB0FAC1-55E1-45D1-AAF5-CC6FCC8954D4}.Debug|x86.Build.0 = Debug|Any CPU
		{0AB0FAC1-55E1-45D1-AAF5-CC6FCC8954D4}.Release|Any CPU.ActiveCfg = Release|Any CPU
		{0AB0FAC1-55E1-45D1-AAF5-CC6FCC8954D4}.Release|Any CPU.Build.0 = Release|Any CPU
		{0AB0FAC1-55E1-45D1-AAF5-CC6FCC8954D4}.Release|x64.ActiveCfg = Release|Any CPU
		{0AB0FAC1-55E1-45D1-AAF5-CC6FCC8954D4}.Release|x64.Build.0 = Release|Any CPU
		{0AB0FAC1-55E1-45D1-AAF5-CC6FCC8954D4}.Release|x86.ActiveCfg = Release|Any CPU
		{0AB0FAC1-55E1-45D1-AAF5-CC6FCC8954D4}.Release|x86.Build.0 = Release|Any CPU
		{92494904-35FA-4DC9-BDE9-3A3E87AC49D3}.Debug|Any CPU.ActiveCfg = Debug|Any CPU
		{92494904-35FA-4DC9-BDE9-3A3E87AC49D3}.Debug|Any CPU.Build.0 = Debug|Any CPU
		{92494904-35FA-4DC9-BDE9-3A3E87AC49D3}.Debug|x64.ActiveCfg = Debug|Any CPU
		{92494904-35FA-4DC9-BDE9-3A3E87AC49D3}.Debug|x64.Build.0 = Debug|Any CPU
		{92494904-35FA-4DC9-BDE9-3A3E87AC49D3}.Debug|x86.ActiveCfg = Debug|Any CPU
		{92494904-35FA-4DC9-BDE9-3A3E87AC49D3}.Debug|x86.Build.0 = Debug|Any CPU
		{92494904-35FA-4DC9-BDE9-3A3E87AC49D3}.Release|Any CPU.ActiveCfg = Release|Any CPU
		{92494904-35FA-4DC9-BDE9-3A3E87AC49D3}.Release|Any CPU.Build.0 = Release|Any CPU
		{92494904-35FA-4DC9-BDE9-3A3E87AC49D3}.Release|x64.ActiveCfg = Release|Any CPU
		{92494904-35FA-4DC9-BDE9-3A3E87AC49D3}.Release|x64.Build.0 = Release|Any CPU
		{92494904-35FA-4DC9-BDE9-3A3E87AC49D3}.Release|x86.ActiveCfg = Release|Any CPU
		{92494904-35FA-4DC9-BDE9-3A3E87AC49D3}.Release|x86.Build.0 = Release|Any CPU
		{C3887A93-B2BD-4097-8E2F-3A063EFF32FD}.Debug|Any CPU.ActiveCfg = Debug|Any CPU
		{C3887A93-B2BD-4097-8E2F-3A063EFF32FD}.Debug|Any CPU.Build.0 = Debug|Any CPU
		{C3887A93-B2BD-4097-8E2F-3A063EFF32FD}.Debug|x64.ActiveCfg = Debug|Any CPU
		{C3887A93-B2BD-4097-8E2F-3A063EFF32FD}.Debug|x64.Build.0 = Debug|Any CPU
		{C3887A93-B2BD-4097-8E2F-3A063EFF32FD}.Debug|x86.ActiveCfg = Debug|Any CPU
		{C3887A93-B2BD-4097-8E2F-3A063EFF32FD}.Debug|x86.Build.0 = Debug|Any CPU
		{C3887A93-B2BD-4097-8E2F-3A063EFF32FD}.Release|Any CPU.ActiveCfg = Release|Any CPU
		{C3887A93-B2BD-4097-8E2F-3A063EFF32FD}.Release|Any CPU.Build.0 = Release|Any CPU
		{C3887A93-B2BD-4097-8E2F-3A063EFF32FD}.Release|x64.ActiveCfg = Release|Any CPU
		{C3887A93-B2BD-4097-8E2F-3A063EFF32FD}.Release|x64.Build.0 = Release|Any CPU
		{C3887A93-B2BD-4097-8E2F-3A063EFF32FD}.Release|x86.ActiveCfg = Release|Any CPU
		{C3887A93-B2BD-4097-8E2F-3A063EFF32FD}.Release|x86.Build.0 = Release|Any CPU
		{C93D746E-1586-4D4F-B411-BF5A966E6A08}.Debug|Any CPU.ActiveCfg = Debug|Any CPU
		{C93D746E-1586-4D4F-B411-BF5A966E6A08}.Debug|Any CPU.Build.0 = Debug|Any CPU
		{C93D746E-1586-4D4F-B411-BF5A966E6A08}.Debug|x64.ActiveCfg = Debug|Any CPU
		{C93D746E-1586-4D4F-B411-BF5A966E6A08}.Debug|x64.Build.0 = Debug|Any CPU
		{C93D746E-1586-4D4F-B411-BF5A966E6A08}.Debug|x86.ActiveCfg = Debug|Any CPU
		{C93D746E-1586-4D4F-B411-BF5A966E6A08}.Debug|x86.Build.0 = Debug|Any CPU
		{C93D746E-1586-4D4F-B411-BF5A966E6A08}.Release|Any CPU.ActiveCfg = Release|Any CPU
		{C93D746E-1586-4D4F-B411-BF5A966E6A08}.Release|Any CPU.Build.0 = Release|Any CPU
		{C93D746E-1586-4D4F-B411-BF5A966E6A08}.Release|x64.ActiveCfg = Release|Any CPU
		{C93D746E-1586-4D4F-B411-BF5A966E6A08}.Release|x64.Build.0 = Release|Any CPU
		{C93D746E-1586-4D4F-B411-BF5A966E6A08}.Release|x86.ActiveCfg = Release|Any CPU
		{C93D746E-1586-4D4F-B411-BF5A966E6A08}.Release|x86.Build.0 = Release|Any CPU
		{3F3566DB-64BC-43E6-9A5A-F5F84E9E7D55}.Debug|Any CPU.ActiveCfg = Debug|Any CPU
		{3F3566DB-64BC-43E6-9A5A-F5F84E9E7D55}.Debug|Any CPU.Build.0 = Debug|Any CPU
		{3F3566DB-64BC-43E6-9A5A-F5F84E9E7D55}.Debug|x64.ActiveCfg = Debug|Any CPU
		{3F3566DB-64BC-43E6-9A5A-F5F84E9E7D55}.Debug|x64.Build.0 = Debug|Any CPU
		{3F3566DB-64BC-43E6-9A5A-F5F84E9E7D55}.Debug|x86.ActiveCfg = Debug|Any CPU
		{3F3566DB-64BC-43E6-9A5A-F5F84E9E7D55}.Debug|x86.Build.0 = Debug|Any CPU
		{3F3566DB-64BC-43E6-9A5A-F5F84E9E7D55}.Release|Any CPU.ActiveCfg = Release|Any CPU
		{3F3566DB-64BC-43E6-9A5A-F5F84E9E7D55}.Release|Any CPU.Build.0 = Release|Any CPU
		{3F3566DB-64BC-43E6-9A5A-F5F84E9E7D55}.Release|x64.ActiveCfg = Release|Any CPU
		{3F3566DB-64BC-43E6-9A5A-F5F84E9E7D55}.Release|x64.Build.0 = Release|Any CPU
		{3F3566DB-64BC-43E6-9A5A-F5F84E9E7D55}.Release|x86.ActiveCfg = Release|Any CPU
		{3F3566DB-64BC-43E6-9A5A-F5F84E9E7D55}.Release|x86.Build.0 = Release|Any CPU
		{3CBF93C5-FA14-4273-83C6-8EE2AA85A8B7}.Debug|Any CPU.ActiveCfg = Debug|Any CPU
		{3CBF93C5-FA14-4273-83C6-8EE2AA85A8B7}.Debug|Any CPU.Build.0 = Debug|Any CPU
		{3CBF93C5-FA14-4273-83C6-8EE2AA85A8B7}.Debug|x64.ActiveCfg = Debug|Any CPU
		{3CBF93C5-FA14-4273-83C6-8EE2AA85A8B7}.Debug|x64.Build.0 = Debug|Any CPU
		{3CBF93C5-FA14-4273-83C6-8EE2AA85A8B7}.Debug|x86.ActiveCfg = Debug|x86
		{3CBF93C5-FA14-4273-83C6-8EE2AA85A8B7}.Debug|x86.Build.0 = Debug|x86
		{3CBF93C5-FA14-4273-83C6-8EE2AA85A8B7}.Release|Any CPU.ActiveCfg = Release|Any CPU
		{3CBF93C5-FA14-4273-83C6-8EE2AA85A8B7}.Release|Any CPU.Build.0 = Release|Any CPU
		{3CBF93C5-FA14-4273-83C6-8EE2AA85A8B7}.Release|x64.ActiveCfg = Release|Any CPU
		{3CBF93C5-FA14-4273-83C6-8EE2AA85A8B7}.Release|x64.Build.0 = Release|Any CPU
		{3CBF93C5-FA14-4273-83C6-8EE2AA85A8B7}.Release|x86.ActiveCfg = Release|x86
		{3CBF93C5-FA14-4273-83C6-8EE2AA85A8B7}.Release|x86.Build.0 = Release|x86
	EndGlobalSection
	GlobalSection(SolutionProperties) = preSolution
		HideSolutionNode = FALSE
	EndGlobalSection
	GlobalSection(NestedProjects) = preSolution
		{687DFE24-9DE0-4A3B-9854-CF41B8FDC134} = {A5F3D8FA-311C-40F7-9AD5-3F998D61E96D}
		{EA38C2A9-BC62-419A-8385-2C72ECBBD5E7} = {A5F3D8FA-311C-40F7-9AD5-3F998D61E96D}
		{A2329308-3751-4DBD-9A75-5F7B8B024625} = {9862F37D-3BE1-4ACA-9CF0-BB75B04FD109}
		{337D88BA-7460-4C2A-B83D-6B27DF626983} = {A5F3D8FA-311C-40F7-9AD5-3F998D61E96D}
		{69C37C81-AEAD-4F49-BB18-0750387E680D} = {A5F3D8FA-311C-40F7-9AD5-3F998D61E96D}
		{0968C296-837F-48C3-B310-7B2AA9452EF8} = {A5F3D8FA-311C-40F7-9AD5-3F998D61E96D}
		{6DFEFA1C-CBC0-4EFC-BDAC-FF46BA86B9F3} = {A5F3D8FA-311C-40F7-9AD5-3F998D61E96D}
		{32A948C0-5468-4392-A490-91947BFC3BE4} = {B61599DA-EA6D-4C01-A720-BCA13C15F81A}
		{C982088F-82EC-4400-8D3C-BD76221C0C9C} = {B61599DA-EA6D-4C01-A720-BCA13C15F81A}
		{9D872B67-0087-4B29-AD5D-B4B4B045D2F7} = {E6FA534E-87C1-41F5-BF7C-75343C26C481}
		{E5EFC9B0-AEE6-47B4-B553-37A241ADF976} = {4F5DA472-639D-4798-9C04-DBAA318F6C0E}
		{3CCBAB5D-85AE-4DE0-A20E-AD302AF442A2} = {A5F3D8FA-311C-40F7-9AD5-3F998D61E96D}
		{A505FEEE-28A8-4D99-9E15-39DDD3F48F2D} = {E6FA534E-87C1-41F5-BF7C-75343C26C481}
		{52064A5D-12B6-410F-9BCF-6F6B52455A28} = {E6FA534E-87C1-41F5-BF7C-75343C26C481}
		{D9D3537E-C1F9-4F59-AE2B-5098213FF747} = {4F5DA472-639D-4798-9C04-DBAA318F6C0E}
		{1CD6F41B-3619-4210-BCBD-4AD8DD55B00E} = {E6FA534E-87C1-41F5-BF7C-75343C26C481}
		{89A2D4B4-6352-4193-BB62-12E9DEA49221} = {4F5DA472-639D-4798-9C04-DBAA318F6C0E}
		{E17A78AE-28C2-4264-A36D-A7EBAFE7626D} = {A5F3D8FA-311C-40F7-9AD5-3F998D61E96D}
		{25F7A02C-C741-464F-9BB0-312B252575A0} = {A5F3D8FA-311C-40F7-9AD5-3F998D61E96D}
		{1B9CC5A9-6163-403C-9BEA-E44176676DDD} = {4F5DA472-639D-4798-9C04-DBAA318F6C0E}
		{42B8E03E-746D-443D-9226-F05EF3023ACF} = {A5F3D8FA-311C-40F7-9AD5-3F998D61E96D}
		{36C171D5-6670-4E6A-AB42-3A05932DC6A7} = {A5F3D8FA-311C-40F7-9AD5-3F998D61E96D}
		{E82E5D9B-4E63-4820-9EB3-383D1D5D4C66} = {B61599DA-EA6D-4C01-A720-BCA13C15F81A}
		{0AB0FAC1-55E1-45D1-AAF5-CC6FCC8954D4} = {4F5DA472-639D-4798-9C04-DBAA318F6C0E}
		{92494904-35FA-4DC9-BDE9-3A3E87AC49D3} = {9862F37D-3BE1-4ACA-9CF0-BB75B04FD109}
		{C3887A93-B2BD-4097-8E2F-3A063EFF32FD} = {9862F37D-3BE1-4ACA-9CF0-BB75B04FD109}
		{C93D746E-1586-4D4F-B411-BF5A966E6A08} = {9862F37D-3BE1-4ACA-9CF0-BB75B04FD109}
		{3F3566DB-64BC-43E6-9A5A-F5F84E9E7D55} = {ABE1FC5F-1A1C-401E-8EC8-8C64BC088F65}
		{3CBF93C5-FA14-4273-83C6-8EE2AA85A8B7} = {A5F3D8FA-311C-40F7-9AD5-3F998D61E96D}
	EndGlobalSection
	GlobalSection(ExtensibilityGlobals) = postSolution
		SolutionGuid = {1F744653-49E6-408E-A9CA-7C21732CF644}
	EndGlobalSection
EndGlobal
